// !$*UTF8*$!
{
	archiveVersion = 1;
	classes = {
	};
	objectVersion = 55;
	objects = {

/* Begin PBXBuildFile section */
		185DC6C129000D760056C910 /* AppDelegate.swift in Sources */ = {isa = PBXBuildFile; fileRef = 185DC6C029000D760056C910 /* AppDelegate.swift */; };
		185DC6C329000D760056C910 /* SceneDelegate.swift in Sources */ = {isa = PBXBuildFile; fileRef = 185DC6C229000D760056C910 /* SceneDelegate.swift */; };
		185DC6C529000D760056C910 /* ViewController.swift in Sources */ = {isa = PBXBuildFile; fileRef = 185DC6C429000D760056C910 /* ViewController.swift */; };
		185DC6C829000D760056C910 /* Main.storyboard in Resources */ = {isa = PBXBuildFile; fileRef = 185DC6C629000D760056C910 /* Main.storyboard */; };
		185DC6CA29000D790056C910 /* Assets.xcassets in Resources */ = {isa = PBXBuildFile; fileRef = 185DC6C929000D790056C910 /* Assets.xcassets */; };
		185DC6CD29000D790056C910 /* LaunchScreen.storyboard in Resources */ = {isa = PBXBuildFile; fileRef = 185DC6CB29000D790056C910 /* LaunchScreen.storyboard */; };
		185DC6D529000F040056C910 /* CoordinatorType.swift in Sources */ = {isa = PBXBuildFile; fileRef = 185DC6D429000F030056C910 /* CoordinatorType.swift */; };
		185DC6D729000F4A0056C910 /* ExtensionUseful.swift in Sources */ = {isa = PBXBuildFile; fileRef = 185DC6D629000F4A0056C910 /* ExtensionUseful.swift */; };
		185DC6D9290010910056C910 /* Observable+Ext.swift in Sources */ = {isa = PBXBuildFile; fileRef = 185DC6D8290010900056C910 /* Observable+Ext.swift */; };
		185DC6DB2900DF950056C910 /* UIViewController+Reactive.swift in Sources */ = {isa = PBXBuildFile; fileRef = 185DC6DA2900DF940056C910 /* UIViewController+Reactive.swift */; };
		185DC6DD2900E0050056C910 /* Array+Ext.swift in Sources */ = {isa = PBXBuildFile; fileRef = 185DC6DC2900E0050056C910 /* Array+Ext.swift */; };
		185DC6E22900E1560056C910 /* ViewInterface.swift in Sources */ = {isa = PBXBuildFile; fileRef = 185DC6E12900E1560056C910 /* ViewInterface.swift */; };
		185DC6E42900E15B0056C910 /* PresenterInterface.swift in Sources */ = {isa = PBXBuildFile; fileRef = 185DC6E32900E15B0056C910 /* PresenterInterface.swift */; };
		185DC6E62900E1600056C910 /* InteractorInterface.swift in Sources */ = {isa = PBXBuildFile; fileRef = 185DC6E52900E1600056C910 /* InteractorInterface.swift */; };
		185DC6E82900E1670056C910 /* InteractorOutputInterface.swift in Sources */ = {isa = PBXBuildFile; fileRef = 185DC6E72900E1670056C910 /* InteractorOutputInterface.swift */; };
		185DC6EA2900E16B0056C910 /* WireframeInterface.swift in Sources */ = {isa = PBXBuildFile; fileRef = 185DC6E92900E16B0056C910 /* WireframeInterface.swift */; };
		185DC6ED2900E1820056C910 /* ErrorHandleable.swift in Sources */ = {isa = PBXBuildFile; fileRef = 185DC6EC2900E1820056C910 /* ErrorHandleable.swift */; };
		185DC6EF2900E1860056C910 /* Progressable.swift in Sources */ = {isa = PBXBuildFile; fileRef = 185DC6EE2900E1860056C910 /* Progressable.swift */; };
		93C7D2B7A3C2AC39EA083E25 /* Pods_ProjectDemo.framework in Frameworks */ = {isa = PBXBuildFile; fileRef = 77D6C51362C82797CE5D506F /* Pods_ProjectDemo.framework */; };
/* End PBXBuildFile section */

/* Begin PBXFileReference section */
		185DC6BD29000D760056C910 /* ProjectDemo.app */ = {isa = PBXFileReference; explicitFileType = wrapper.application; includeInIndex = 0; path = ProjectDemo.app; sourceTree = BUILT_PRODUCTS_DIR; };
		185DC6C029000D760056C910 /* AppDelegate.swift */ = {isa = PBXFileReference; lastKnownFileType = sourcecode.swift; path = AppDelegate.swift; sourceTree = "<group>"; };
		185DC6C229000D760056C910 /* SceneDelegate.swift */ = {isa = PBXFileReference; lastKnownFileType = sourcecode.swift; path = SceneDelegate.swift; sourceTree = "<group>"; };
		185DC6C429000D760056C910 /* ViewController.swift */ = {isa = PBXFileReference; lastKnownFileType = sourcecode.swift; path = ViewController.swift; sourceTree = "<group>"; };
		185DC6C729000D760056C910 /* Base */ = {isa = PBXFileReference; lastKnownFileType = file.storyboard; name = Base; path = Base.lproj/Main.storyboard; sourceTree = "<group>"; };
		185DC6C929000D790056C910 /* Assets.xcassets */ = {isa = PBXFileReference; lastKnownFileType = folder.assetcatalog; path = Assets.xcassets; sourceTree = "<group>"; };
		185DC6CC29000D790056C910 /* Base */ = {isa = PBXFileReference; lastKnownFileType = file.storyboard; name = Base; path = Base.lproj/LaunchScreen.storyboard; sourceTree = "<group>"; };
		185DC6CE29000D790056C910 /* Info.plist */ = {isa = PBXFileReference; lastKnownFileType = text.plist.xml; path = Info.plist; sourceTree = "<group>"; };
		185DC6D429000F030056C910 /* CoordinatorType.swift */ = {isa = PBXFileReference; lastKnownFileType = sourcecode.swift; path = CoordinatorType.swift; sourceTree = "<group>"; };
		185DC6D629000F4A0056C910 /* ExtensionUseful.swift */ = {isa = PBXFileReference; lastKnownFileType = sourcecode.swift; path = ExtensionUseful.swift; sourceTree = "<group>"; };
		185DC6D8290010900056C910 /* Observable+Ext.swift */ = {isa = PBXFileReference; fileEncoding = 4; lastKnownFileType = sourcecode.swift; path = "Observable+Ext.swift"; sourceTree = "<group>"; };
		185DC6DA2900DF940056C910 /* UIViewController+Reactive.swift */ = {isa = PBXFileReference; fileEncoding = 4; lastKnownFileType = sourcecode.swift; path = "UIViewController+Reactive.swift"; sourceTree = "<group>"; };
		185DC6DC2900E0050056C910 /* Array+Ext.swift */ = {isa = PBXFileReference; fileEncoding = 4; lastKnownFileType = sourcecode.swift; path = "Array+Ext.swift"; sourceTree = "<group>"; };
		185DC6E12900E1560056C910 /* ViewInterface.swift */ = {isa = PBXFileReference; fileEncoding = 4; lastKnownFileType = sourcecode.swift; path = ViewInterface.swift; sourceTree = "<group>"; };
		185DC6E32900E15B0056C910 /* PresenterInterface.swift */ = {isa = PBXFileReference; fileEncoding = 4; lastKnownFileType = sourcecode.swift; path = PresenterInterface.swift; sourceTree = "<group>"; };
		185DC6E52900E1600056C910 /* InteractorInterface.swift */ = {isa = PBXFileReference; fileEncoding = 4; lastKnownFileType = sourcecode.swift; path = InteractorInterface.swift; sourceTree = "<group>"; };
		185DC6E72900E1670056C910 /* InteractorOutputInterface.swift */ = {isa = PBXFileReference; fileEncoding = 4; lastKnownFileType = sourcecode.swift; path = InteractorOutputInterface.swift; sourceTree = "<group>"; };
		185DC6E92900E16B0056C910 /* WireframeInterface.swift */ = {isa = PBXFileReference; fileEncoding = 4; lastKnownFileType = sourcecode.swift; path = WireframeInterface.swift; sourceTree = "<group>"; };
		185DC6EC2900E1820056C910 /* ErrorHandleable.swift */ = {isa = PBXFileReference; fileEncoding = 4; lastKnownFileType = sourcecode.swift; path = ErrorHandleable.swift; sourceTree = "<group>"; };
		185DC6EE2900E1860056C910 /* Progressable.swift */ = {isa = PBXFileReference; fileEncoding = 4; lastKnownFileType = sourcecode.swift; path = Progressable.swift; sourceTree = "<group>"; };
		2F60506655E2F6F623D75B6C /* Pods-ProjectDemo.release.xcconfig */ = {isa = PBXFileReference; includeInIndex = 1; lastKnownFileType = text.xcconfig; name = "Pods-ProjectDemo.release.xcconfig"; path = "Target Support Files/Pods-ProjectDemo/Pods-ProjectDemo.release.xcconfig"; sourceTree = "<group>"; };
		77D6C51362C82797CE5D506F /* Pods_ProjectDemo.framework */ = {isa = PBXFileReference; explicitFileType = wrapper.framework; includeInIndex = 0; path = Pods_ProjectDemo.framework; sourceTree = BUILT_PRODUCTS_DIR; };
		F573534006E71FF1E605C97F /* Pods-ProjectDemo.debug.xcconfig */ = {isa = PBXFileReference; includeInIndex = 1; lastKnownFileType = text.xcconfig; name = "Pods-ProjectDemo.debug.xcconfig"; path = "Target Support Files/Pods-ProjectDemo/Pods-ProjectDemo.debug.xcconfig"; sourceTree = "<group>"; };
/* End PBXFileReference section */

/* Begin PBXFrameworksBuildPhase section */
		185DC6BA29000D760056C910 /* Frameworks */ = {
			isa = PBXFrameworksBuildPhase;
			buildActionMask = 2147483647;
			files = (
				93C7D2B7A3C2AC39EA083E25 /* Pods_ProjectDemo.framework in Frameworks */,
			);
			runOnlyForDeploymentPostprocessing = 0;
		};
/* End PBXFrameworksBuildPhase section */

/* Begin PBXGroup section */
		16CC6794D724FE54F40B129B /* Pods */ = {
			isa = PBXGroup;
			children = (
				F573534006E71FF1E605C97F /* Pods-ProjectDemo.debug.xcconfig */,
				2F60506655E2F6F623D75B6C /* Pods-ProjectDemo.release.xcconfig */,
			);
			path = Pods;
			sourceTree = "<group>";
		};
		185DC6B429000D760056C910 = {
			isa = PBXGroup;
			children = (
				185DC6BF29000D760056C910 /* ProjectDemo */,
				185DC6BE29000D760056C910 /* Products */,
				16CC6794D724FE54F40B129B /* Pods */,
				A7221D165D274CE900BB369C /* Frameworks */,
			);
			sourceTree = "<group>";
		};
		185DC6BE29000D760056C910 /* Products */ = {
			isa = PBXGroup;
			children = (
				185DC6BD29000D760056C910 /* ProjectDemo.app */,
			);
			name = Products;
			sourceTree = "<group>";
		};
		185DC6BF29000D760056C910 /* ProjectDemo */ = {
			isa = PBXGroup;
			children = (
				185DC6E02900E14B0056C910 /* VIPER */,
				185DC6C029000D760056C910 /* AppDelegate.swift */,
				185DC6C229000D760056C910 /* SceneDelegate.swift */,
				185DC6C429000D760056C910 /* ViewController.swift */,
				185DC6C629000D760056C910 /* Main.storyboard */,
				185DC6C929000D790056C910 /* Assets.xcassets */,
				185DC6CB29000D790056C910 /* LaunchScreen.storyboard */,
				185DC6CE29000D790056C910 /* Info.plist */,
				185DC6D429000F030056C910 /* CoordinatorType.swift */,
				185DC6D629000F4A0056C910 /* ExtensionUseful.swift */,
				185DC6DA2900DF940056C910 /* UIViewController+Reactive.swift */,
				185DC6D8290010900056C910 /* Observable+Ext.swift */,
				185DC6DC2900E0050056C910 /* Array+Ext.swift */,
				32C03B96A82510979C520910 /* Modules */,
			);
			path = ProjectDemo;
			sourceTree = "<group>";
		};
		185DC6E02900E14B0056C910 /* VIPER */ = {
			isa = PBXGroup;
			children = (
				185DC6EB2900E1720056C910 /* Protocols */,
				185DC6E12900E1560056C910 /* ViewInterface.swift */,
				185DC6E32900E15B0056C910 /* PresenterInterface.swift */,
				185DC6E52900E1600056C910 /* InteractorInterface.swift */,
				185DC6E72900E1670056C910 /* InteractorOutputInterface.swift */,
				185DC6E92900E16B0056C910 /* WireframeInterface.swift */,
			);
			path = VIPER;
			sourceTree = "<group>";
		};
		185DC6EB2900E1720056C910 /* Protocols */ = {
			isa = PBXGroup;
			children = (
				185DC6EC2900E1820056C910 /* ErrorHandleable.swift */,
				185DC6EE2900E1860056C910 /* Progressable.swift */,
			);
			path = Protocols;
			sourceTree = "<group>";
		};
		32C03B96A82510979C520910 /* Modules */ = {
			isa = PBXGroup;
			children = (
			);
			path = Modules;
			sourceTree = "<group>";
		};
		A7221D165D274CE900BB369C /* Frameworks */ = {
			isa = PBXGroup;
			children = (
				77D6C51362C82797CE5D506F /* Pods_ProjectDemo.framework */,
			);
			name = Frameworks;
			sourceTree = "<group>";
		};
/* End PBXGroup section */

/* Begin PBXNativeTarget section */
		185DC6BC29000D760056C910 /* ProjectDemo */ = {
			isa = PBXNativeTarget;
			buildConfigurationList = 185DC6D129000D790056C910 /* Build configuration list for PBXNativeTarget "ProjectDemo" */;
			buildPhases = (
				3E94AA51D8B649E72C1EDD9F /* [CP] Check Pods Manifest.lock */,
				185DC6B929000D760056C910 /* Sources */,
				185DC6BA29000D760056C910 /* Frameworks */,
				185DC6BB29000D760056C910 /* Resources */,
				3BB7410C41B2B497EF8C27E6 /* [CP] Embed Pods Frameworks */,
			);
			buildRules = (
			);
			dependencies = (
			);
			name = ProjectDemo;
			productName = ProjectDemo;
			productReference = 185DC6BD29000D760056C910 /* ProjectDemo.app */;
			productType = "com.apple.product-type.application";
		};
/* End PBXNativeTarget section */

/* Begin PBXProject section */
		185DC6B529000D760056C910 /* Project object */ = {
			isa = PBXProject;
			attributes = {
				BuildIndependentTargetsInParallel = 1;
				LastSwiftUpdateCheck = 1340;
				LastUpgradeCheck = 1340;
				TargetAttributes = {
					185DC6BC29000D760056C910 = {
						CreatedOnToolsVersion = 13.4.1;
					};
				};
			};
			buildConfigurationList = 185DC6B829000D760056C910 /* Build configuration list for PBXProject "ProjectDemo" */;
			compatibilityVersion = "Xcode 13.0";
			developmentRegion = en;
			hasScannedForEncodings = 0;
			knownRegions = (
				en,
				Base,
			);
			mainGroup = 185DC6B429000D760056C910;
			productRefGroup = 185DC6BE29000D760056C910 /* Products */;
			projectDirPath = "";
			projectRoot = "";
			targets = (
				185DC6BC29000D760056C910 /* ProjectDemo */,
			);
		};
/* End PBXProject section */

/* Begin PBXResourcesBuildPhase section */
		185DC6BB29000D760056C910 /* Resources */ = {
			isa = PBXResourcesBuildPhase;
			buildActionMask = 2147483647;
			files = (
				185DC6CD29000D790056C910 /* LaunchScreen.storyboard in Resources */,
				185DC6CA29000D790056C910 /* Assets.xcassets in Resources */,
				185DC6C829000D760056C910 /* Main.storyboard in Resources */,
			);
			runOnlyForDeploymentPostprocessing = 0;
		};
/* End PBXResourcesBuildPhase section */

/* Begin PBXShellScriptBuildPhase section */
		3BB7410C41B2B497EF8C27E6 /* [CP] Embed Pods Frameworks */ = {
			isa = PBXShellScriptBuildPhase;
			buildActionMask = 2147483647;
			files = (
			);
			inputFileListPaths = (
				"${PODS_ROOT}/Target Support Files/Pods-ProjectDemo/Pods-ProjectDemo-frameworks-${CONFIGURATION}-input-files.xcfilelist",
			);
			name = "[CP] Embed Pods Frameworks";
			outputFileListPaths = (
				"${PODS_ROOT}/Target Support Files/Pods-ProjectDemo/Pods-ProjectDemo-frameworks-${CONFIGURATION}-output-files.xcfilelist",
			);
			runOnlyForDeploymentPostprocessing = 0;
			shellPath = /bin/sh;
			shellScript = "\"${PODS_ROOT}/Target Support Files/Pods-ProjectDemo/Pods-ProjectDemo-frameworks.sh\"\n";
			showEnvVarsInLog = 0;
		};
		3E94AA51D8B649E72C1EDD9F /* [CP] Check Pods Manifest.lock */ = {
			isa = PBXShellScriptBuildPhase;
			buildActionMask = 2147483647;
			files = (
			);
			inputFileListPaths = (
			);
			inputPaths = (
				"${PODS_PODFILE_DIR_PATH}/Podfile.lock",
				"${PODS_ROOT}/Manifest.lock",
			);
			name = "[CP] Check Pods Manifest.lock";
			outputFileListPaths = (
			);
			outputPaths = (
				"$(DERIVED_FILE_DIR)/Pods-ProjectDemo-checkManifestLockResult.txt",
			);
			runOnlyForDeploymentPostprocessing = 0;
			shellPath = /bin/sh;
			shellScript = "diff \"${PODS_PODFILE_DIR_PATH}/Podfile.lock\" \"${PODS_ROOT}/Manifest.lock\" > /dev/null\nif [ $? != 0 ] ; then\n    # print error to STDERR\n    echo \"error: The sandbox is not in sync with the Podfile.lock. Run 'pod install' or update your CocoaPods installation.\" >&2\n    exit 1\nfi\n# This output is used by Xcode 'outputs' to avoid re-running this script phase.\necho \"SUCCESS\" > \"${SCRIPT_OUTPUT_FILE_0}\"\n";
			showEnvVarsInLog = 0;
		};
/* End PBXShellScriptBuildPhase section */

/* Begin PBXSourcesBuildPhase section */
		185DC6B929000D760056C910 /* Sources */ = {
			isa = PBXSourcesBuildPhase;
			buildActionMask = 2147483647;
			files = (
				185DC6E62900E1600056C910 /* InteractorInterface.swift in Sources */,
				185DC6EF2900E1860056C910 /* Progressable.swift in Sources */,
				185DC6DB2900DF950056C910 /* UIViewController+Reactive.swift in Sources */,
				185DC6C529000D760056C910 /* ViewController.swift in Sources */,
				185DC6C129000D760056C910 /* AppDelegate.swift in Sources */,
				185DC6D529000F040056C910 /* CoordinatorType.swift in Sources */,
				185DC6E42900E15B0056C910 /* PresenterInterface.swift in Sources */,
				185DC6E22900E1560056C910 /* ViewInterface.swift in Sources */,
				185DC6E82900E1670056C910 /* InteractorOutputInterface.swift in Sources */,
				185DC6C329000D760056C910 /* SceneDelegate.swift in Sources */,
				185DC6DD2900E0050056C910 /* Array+Ext.swift in Sources */,
				185DC6D9290010910056C910 /* Observable+Ext.swift in Sources */,
				185DC6EA2900E16B0056C910 /* WireframeInterface.swift in Sources */,
				185DC6ED2900E1820056C910 /* ErrorHandleable.swift in Sources */,
				185DC6D729000F4A0056C910 /* ExtensionUseful.swift in Sources */,
			);
			runOnlyForDeploymentPostprocessing = 0;
		};
/* End PBXSourcesBuildPhase section */

/* Begin PBXVariantGroup section */
		185DC6C629000D760056C910 /* Main.storyboard */ = {
			isa = PBXVariantGroup;
			children = (
				185DC6C729000D760056C910 /* Base */,
			);
			name = Main.storyboard;
			sourceTree = "<group>";
		};
		185DC6CB29000D790056C910 /* LaunchScreen.storyboard */ = {
			isa = PBXVariantGroup;
			children = (
				185DC6CC29000D790056C910 /* Base */,
			);
			name = LaunchScreen.storyboard;
			sourceTree = "<group>";
		};
/* End PBXVariantGroup section */

/* Begin XCBuildConfiguration section */
		185DC6CF29000D790056C910 /* Debug */ = {
			isa = XCBuildConfiguration;
			buildSettings = {
				ALWAYS_SEARCH_USER_PATHS = NO;
				CLANG_ANALYZER_NONNULL = YES;
				CLANG_ANALYZER_NUMBER_OBJECT_CONVERSION = YES_AGGRESSIVE;
				CLANG_CXX_LANGUAGE_STANDARD = "gnu++17";
				CLANG_ENABLE_MODULES = YES;
				CLANG_ENABLE_OBJC_ARC = YES;
				CLANG_ENABLE_OBJC_WEAK = YES;
				CLANG_WARN_BLOCK_CAPTURE_AUTORELEASING = YES;
				CLANG_WARN_BOOL_CONVERSION = YES;
				CLANG_WARN_COMMA = YES;
				CLANG_WARN_CONSTANT_CONVERSION = YES;
				CLANG_WARN_DEPRECATED_OBJC_IMPLEMENTATIONS = YES;
				CLANG_WARN_DIRECT_OBJC_ISA_USAGE = YES_ERROR;
				CLANG_WARN_DOCUMENTATION_COMMENTS = YES;
				CLANG_WARN_EMPTY_BODY = YES;
				CLANG_WARN_ENUM_CONVERSION = YES;
				CLANG_WARN_INFINITE_RECURSION = YES;
				CLANG_WARN_INT_CONVERSION = YES;
				CLANG_WARN_NON_LITERAL_NULL_CONVERSION = YES;
				CLANG_WARN_OBJC_IMPLICIT_RETAIN_SELF = YES;
				CLANG_WARN_OBJC_LITERAL_CONVERSION = YES;
				CLANG_WARN_OBJC_ROOT_CLASS = YES_ERROR;
				CLANG_WARN_QUOTED_INCLUDE_IN_FRAMEWORK_HEADER = YES;
				CLANG_WARN_RANGE_LOOP_ANALYSIS = YES;
				CLANG_WARN_STRICT_PROTOTYPES = YES;
				CLANG_WARN_SUSPICIOUS_MOVE = YES;
				CLANG_WARN_UNGUARDED_AVAILABILITY = YES_AGGRESSIVE;
				CLANG_WARN_UNREACHABLE_CODE = YES;
				CLANG_WARN__DUPLICATE_METHOD_MATCH = YES;
				COPY_PHASE_STRIP = NO;
				DEBUG_INFORMATION_FORMAT = dwarf;
				ENABLE_STRICT_OBJC_MSGSEND = YES;
				ENABLE_TESTABILITY = YES;
				GCC_C_LANGUAGE_STANDARD = gnu11;
				GCC_DYNAMIC_NO_PIC = NO;
				GCC_NO_COMMON_BLOCKS = YES;
				GCC_OPTIMIZATION_LEVEL = 0;
				GCC_PREPROCESSOR_DEFINITIONS = (
					"DEBUG=1",
					"$(inherited)",
				);
				GCC_WARN_64_TO_32_BIT_CONVERSION = YES;
				GCC_WARN_ABOUT_RETURN_TYPE = YES_ERROR;
				GCC_WARN_UNDECLARED_SELECTOR = YES;
				GCC_WARN_UNINITIALIZED_AUTOS = YES_AGGRESSIVE;
				GCC_WARN_UNUSED_FUNCTION = YES;
				GCC_WARN_UNUSED_VARIABLE = YES;
				IPHONEOS_DEPLOYMENT_TARGET = 15.5;
				MTL_ENABLE_DEBUG_INFO = INCLUDE_SOURCE;
				MTL_FAST_MATH = YES;
				ONLY_ACTIVE_ARCH = YES;
				SDKROOT = iphoneos;
				SWIFT_ACTIVE_COMPILATION_CONDITIONS = DEBUG;
				SWIFT_OPTIMIZATION_LEVEL = "-Onone";
			};
			name = Debug;
		};
		185DC6D029000D790056C910 /* Release */ = {
			isa = XCBuildConfiguration;
			buildSettings = {
				ALWAYS_SEARCH_USER_PATHS = NO;
				CLANG_ANALYZER_NONNULL = YES;
				CLANG_ANALYZER_NUMBER_OBJECT_CONVERSION = YES_AGGRESSIVE;
				CLANG_CXX_LANGUAGE_STANDARD = "gnu++17";
				CLANG_ENABLE_MODULES = YES;
				CLANG_ENABLE_OBJC_ARC = YES;
				CLANG_ENABLE_OBJC_WEAK = YES;
				CLANG_WARN_BLOCK_CAPTURE_AUTORELEASING = YES;
				CLANG_WARN_BOOL_CONVERSION = YES;
				CLANG_WARN_COMMA = YES;
				CLANG_WARN_CONSTANT_CONVERSION = YES;
				CLANG_WARN_DEPRECATED_OBJC_IMPLEMENTATIONS = YES;
				CLANG_WARN_DIRECT_OBJC_ISA_USAGE = YES_ERROR;
				CLANG_WARN_DOCUMENTATION_COMMENTS = YES;
				CLANG_WARN_EMPTY_BODY = YES;
				CLANG_WARN_ENUM_CONVERSION = YES;
				CLANG_WARN_INFINITE_RECURSION = YES;
				CLANG_WARN_INT_CONVERSION = YES;
				CLANG_WARN_NON_LITERAL_NULL_CONVERSION = YES;
				CLANG_WARN_OBJC_IMPLICIT_RETAIN_SELF = YES;
				CLANG_WARN_OBJC_LITERAL_CONVERSION = YES;
				CLANG_WARN_OBJC_ROOT_CLASS = YES_ERROR;
				CLANG_WARN_QUOTED_INCLUDE_IN_FRAMEWORK_HEADER = YES;
				CLANG_WARN_RANGE_LOOP_ANALYSIS = YES;
				CLANG_WARN_STRICT_PROTOTYPES = YES;
				CLANG_WARN_SUSPICIOUS_MOVE = YES;
				CLANG_WARN_UNGUARDED_AVAILABILITY = YES_AGGRESSIVE;
				CLANG_WARN_UNREACHABLE_CODE = YES;
				CLANG_WARN__DUPLICATE_METHOD_MATCH = YES;
				COPY_PHASE_STRIP = NO;
				DEBUG_INFORMATION_FORMAT = "dwarf-with-dsym";
				ENABLE_NS_ASSERTIONS = NO;
				ENABLE_STRICT_OBJC_MSGSEND = YES;
				GCC_C_LANGUAGE_STANDARD = gnu11;
				GCC_NO_COMMON_BLOCKS = YES;
				GCC_WARN_64_TO_32_BIT_CONVERSION = YES;
				GCC_WARN_ABOUT_RETURN_TYPE = YES_ERROR;
				GCC_WARN_UNDECLARED_SELECTOR = YES;
				GCC_WARN_UNINITIALIZED_AUTOS = YES_AGGRESSIVE;
				GCC_WARN_UNUSED_FUNCTION = YES;
				GCC_WARN_UNUSED_VARIABLE = YES;
				IPHONEOS_DEPLOYMENT_TARGET = 15.5;
				MTL_ENABLE_DEBUG_INFO = NO;
				MTL_FAST_MATH = YES;
				SDKROOT = iphoneos;
				SWIFT_COMPILATION_MODE = wholemodule;
				SWIFT_OPTIMIZATION_LEVEL = "-O";
				VALIDATE_PRODUCT = YES;
			};
			name = Release;
		};
		185DC6D229000D790056C910 /* Debug */ = {
			isa = XCBuildConfiguration;
			baseConfigurationReference = F573534006E71FF1E605C97F /* Pods-ProjectDemo.debug.xcconfig */;
			buildSettings = {
				ASSETCATALOG_COMPILER_APPICON_NAME = AppIcon;
				ASSETCATALOG_COMPILER_GLOBAL_ACCENT_COLOR_NAME = AccentColor;
				CODE_SIGN_STYLE = Automatic;
				CURRENT_PROJECT_VERSION = 1;
				GENERATE_INFOPLIST_FILE = YES;
				INFOPLIST_FILE = ProjectDemo/Info.plist;
				INFOPLIST_KEY_UIApplicationSupportsIndirectInputEvents = YES;
				INFOPLIST_KEY_UILaunchStoryboardName = LaunchScreen;
				INFOPLIST_KEY_UIMainStoryboardFile = Main;
				INFOPLIST_KEY_UISupportedInterfaceOrientations_iPad = "UIInterfaceOrientationPortrait UIInterfaceOrientationPortraitUpsideDown UIInterfaceOrientationLandscapeLeft UIInterfaceOrientationLandscapeRight";
				INFOPLIST_KEY_UISupportedInterfaceOrientations_iPhone = "UIInterfaceOrientationPortrait UIInterfaceOrientationLandscapeLeft UIInterfaceOrientationLandscapeRight";
				LD_RUNPATH_SEARCH_PATHS = (
					"$(inherited)",
					"@executable_path/Frameworks",
				);
				MARKETING_VERSION = 1.0;
				PRODUCT_BUNDLE_IDENTIFIER = com.datnq.demo.ProjectDemo;
				PRODUCT_NAME = "$(TARGET_NAME)";
				SWIFT_EMIT_LOC_STRINGS = YES;
				SWIFT_VERSION = 5.0;
				TARGETED_DEVICE_FAMILY = "1,2";
			};
			name = Debug;
		};
		185DC6D329000D790056C910 /* Release */ = {
			isa = XCBuildConfiguration;
			baseConfigurationReference = 2F60506655E2F6F623D75B6C /* Pods-ProjectDemo.release.xcconfig */;
			buildSettings = {
				ASSETCATALOG_COMPILER_APPICON_NAME = AppIcon;
				ASSETCATALOG_COMPILER_GLOBAL_ACCENT_COLOR_NAME = AccentColor;
				CODE_SIGN_STYLE = Automatic;
				CURRENT_PROJECT_VERSION = 1;
				GENERATE_INFOPLIST_FILE = YES;
				INFOPLIST_FILE = ProjectDemo/Info.plist;
				INFOPLIST_KEY_UIApplicationSupportsIndirectInputEvents = YES;
				INFOPLIST_KEY_UILaunchStoryboardName = LaunchScreen;
				INFOPLIST_KEY_UIMainStoryboardFile = Main;
				INFOPLIST_KEY_UISupportedInterfaceOrientations_iPad = "UIInterfaceOrientationPortrait UIInterfaceOrientationPortraitUpsideDown UIInterfaceOrientationLandscapeLeft UIInterfaceOrientationLandscapeRight";
				INFOPLIST_KEY_UISupportedInterfaceOrientations_iPhone = "UIInterfaceOrientationPortrait UIInterfaceOrientationLandscapeLeft UIInterfaceOrientationLandscapeRight";
				LD_RUNPATH_SEARCH_PATHS = (
					"$(inherited)",
					"@executable_path/Frameworks",
				);
				MARKETING_VERSION = 1.0;
				PRODUCT_BUNDLE_IDENTIFIER = com.datnq.demo.ProjectDemo;
				PRODUCT_NAME = "$(TARGET_NAME)";
				SWIFT_EMIT_LOC_STRINGS = YES;
				SWIFT_VERSION = 5.0;
				TARGETED_DEVICE_FAMILY = "1,2";
			};
			name = Release;
		};
/* End XCBuildConfiguration section */

/* Begin XCConfigurationList section */
		185DC6B829000D760056C910 /* Build configuration list for PBXProject "ProjectDemo" */ = {
			isa = XCConfigurationList;
			buildConfigurations = (
				185DC6CF29000D790056C910 /* Debug */,
				185DC6D029000D790056C910 /* Release */,
			);
			defaultConfigurationIsVisible = 0;
			defaultConfigurationName = Release;
		};
		185DC6D129000D790056C910 /* Build configuration list for PBXNativeTarget "ProjectDemo" */ = {
			isa = XCConfigurationList;
			buildConfigurations = (
				185DC6D229000D790056C910 /* Debug */,
				185DC6D329000D790056C910 /* Release */,
			);
			defaultConfigurationIsVisible = 0;
			defaultConfigurationName = Release;
		};
/* End XCConfigurationList section */
	};
	rootObject = 185DC6B529000D760056C910 /* Project object */;
}
